
Microsoft Visual Studio Solution File, Format Version 12.00
# Visual Studio 14
VisualStudioVersion = 14.0.24720.0
MinimumVisualStudioVersion = 10.0.40219.1
Project("{FAE04EC0-301F-11D3-BF4B-00C04F79EFBC}") = "StreamServer", "StreamServer\StreamServer.csproj", "{92BEC8CC-3F01-4409-B9D6-3F97C82CF699}"
EndProject
Project("{FAE04EC0-301F-11D3-BF4B-00C04F79EFBC}") = "RecieverClient", "RecieverClient\RecieverClient.csproj", "{B1E1271A-AEC4-4E2A-A3D1-7FE492E7A4C0}"
EndProject
Project("{FAE04EC0-301F-11D3-BF4B-00C04F79EFBC}") = "Core", "Core\Core.csproj", "{4B24E7A2-1712-419E-8E6E-A3E4FCF39D34}"
EndProject
Project("{FAE04EC0-301F-11D3-BF4B-00C04F79EFBC}") = "StreamClient", "CaptureScreen\StreamClient.csproj", "{44464B39-33EA-4398-B263-E36E2D62673A}"
EndProject
Project("{8BC9CEB8-8B4A-11D0-8D11-00A0C91BC942}") = "Encoding", "Encoding\Encoding.vcxproj", "{19FCE85E-3F97-4270-8569-60E7E044FF56}"
EndProject
Project("{FAE04EC0-301F-11D3-BF4B-00C04F79EFBC}") = "Test", "Test\Test.csproj", "{8423446C-94AB-4FFE-A82F-5359A498E435}"
EndProject
Global
	GlobalSection(SolutionConfigurationPlatforms) = preSolution
		Debug|Any CPU = Debug|Any CPU
		Debug|x64 = Debug|x64
		Debug|x86 = Debug|x86
		Release|Any CPU = Release|Any CPU
		Release|x64 = Release|x64
		Release|x86 = Release|x86
	EndGlobalSection
	GlobalSection(ProjectConfigurationPlatforms) = postSolution
		{92BEC8CC-3F01-4409-B9D6-3F97C82CF699}.Debug|Any CPU.ActiveCfg = Debug|Any CPU
		{92BEC8CC-3F01-4409-B9D6-3F97C82CF699}.Debug|Any CPU.Build.0 = Debug|Any CPU
		{92BEC8CC-3F01-4409-B9D6-3F97C82CF699}.Debug|x64.ActiveCfg = Debug|Any CPU
		{92BEC8CC-3F01-4409-B9D6-3F97C82CF699}.Debug|x64.Build.0 = Debug|Any CPU
		{92BEC8CC-3F01-4409-B9D6-3F97C82CF699}.Debug|x86.ActiveCfg = Debug|Any CPU
		{92BEC8CC-3F01-4409-B9D6-3F97C82CF699}.Debug|x86.Build.0 = Debug|Any CPU
		{92BEC8CC-3F01-4409-B9D6-3F97C82CF699}.Release|Any CPU.ActiveCfg = Release|Any CPU
		{92BEC8CC-3F01-4409-B9D6-3F97C82CF699}.Release|Any CPU.Build.0 = Release|Any CPU
		{92BEC8CC-3F01-4409-B9D6-3F97C82CF699}.Release|x64.ActiveCfg = Release|Any CPU
		{92BEC8CC-3F01-4409-B9D6-3F97C82CF699}.Release|x64.Build.0 = Release|Any CPU
		{92BEC8CC-3F01-4409-B9D6-3F97C82CF699}.Release|x86.ActiveCfg = Release|Any CPU
		{92BEC8CC-3F01-4409-B9D6-3F97C82CF699}.Release|x86.Build.0 = Release|Any CPU
		{B1E1271A-AEC4-4E2A-A3D1-7FE492E7A4C0}.Debug|Any CPU.ActiveCfg = Debug|Any CPU
		{B1E1271A-AEC4-4E2A-A3D1-7FE492E7A4C0}.Debug|Any CPU.Build.0 = Debug|Any CPU
		{B1E1271A-AEC4-4E2A-A3D1-7FE492E7A4C0}.Debug|x64.ActiveCfg = Debug|Any CPU
		{B1E1271A-AEC4-4E2A-A3D1-7FE492E7A4C0}.Debug|x64.Build.0 = Debug|Any CPU
		{B1E1271A-AEC4-4E2A-A3D1-7FE492E7A4C0}.Debug|x86.ActiveCfg = Debug|Any CPU
		{B1E1271A-AEC4-4E2A-A3D1-7FE492E7A4C0}.Debug|x86.Build.0 = Debug|Any CPU
		{B1E1271A-AEC4-4E2A-A3D1-7FE492E7A4C0}.Release|Any CPU.ActiveCfg = Release|Any CPU
		{B1E1271A-AEC4-4E2A-A3D1-7FE492E7A4C0}.Release|Any CPU.Build.0 = Release|Any CPU
		{B1E1271A-AEC4-4E2A-A3D1-7FE492E7A4C0}.Release|x64.ActiveCfg = Release|Any CPU
		{B1E1271A-AEC4-4E2A-A3D1-7FE492E7A4C0}.Release|x64.Build.0 = Release|Any CPU
		{B1E1271A-AEC4-4E2A-A3D1-7FE492E7A4C0}.Release|x86.ActiveCfg = Release|Any CPU
		{B1E1271A-AEC4-4E2A-A3D1-7FE492E7A4C0}.Release|x86.Build.0 = Release|Any CPU
		{4B24E7A2-1712-419E-8E6E-A3E4FCF39D34}.Debug|Any CPU.ActiveCfg = Debug|Any CPU
		{4B24E7A2-1712-419E-8E6E-A3E4FCF39D34}.Debug|Any CPU.Build.0 = Debug|Any CPU
		{4B24E7A2-1712-419E-8E6E-A3E4FCF39D34}.Debug|x64.ActiveCfg = Debug|Any CPU
		{4B24E7A2-1712-419E-8E6E-A3E4FCF39D34}.Debug|x64.Build.0 = Debug|Any CPU
		{4B24E7A2-1712-419E-8E6E-A3E4FCF39D34}.Debug|x86.ActiveCfg = Debug|Any CPU
		{4B24E7A2-1712-419E-8E6E-A3E4FCF39D34}.Debug|x86.Build.0 = Debug|Any CPU
		{4B24E7A2-1712-419E-8E6E-A3E4FCF39D34}.Release|Any CPU.ActiveCfg = Release|Any CPU
		{4B24E7A2-1712-419E-8E6E-A3E4FCF39D34}.Release|Any CPU.Build.0 = Release|Any CPU
		{4B24E7A2-1712-419E-8E6E-A3E4FCF39D34}.Release|x64.ActiveCfg = Release|Any CPU
		{4B24E7A2-1712-419E-8E6E-A3E4FCF39D34}.Release|x64.Build.0 = Release|Any CPU
		{4B24E7A2-1712-419E-8E6E-A3E4FCF39D34}.Release|x86.ActiveCfg = Release|Any CPU
		{4B24E7A2-1712-419E-8E6E-A3E4FCF39D34}.Release|x86.Build.0 = Release|Any CPU
		{44464B39-33EA-4398-B263-E36E2D62673A}.Debug|Any CPU.ActiveCfg = Debug|Any CPU
		{44464B39-33EA-4398-B263-E36E2D62673A}.Debug|Any CPU.Build.0 = Debug|Any CPU
		{44464B39-33EA-4398-B263-E36E2D62673A}.Debug|x64.ActiveCfg = Debug|Any CPU
		{44464B39-33EA-4398-B263-E36E2D62673A}.Debug|x64.Build.0 = Debug|Any CPU
		{44464B39-33EA-4398-B263-E36E2D62673A}.Debug|x86.ActiveCfg = Debug|Any CPU
		{44464B39-33EA-4398-B263-E36E2D62673A}.Debug|x86.Build.0 = Debug|Any CPU
		{44464B39-33EA-4398-B263-E36E2D62673A}.Release|Any CPU.ActiveCfg = Release|Any CPU
		{44464B39-33EA-4398-B263-E36E2D62673A}.Release|Any CPU.Build.0 = Release|Any CPU
		{44464B39-33EA-4398-B263-E36E2D62673A}.Release|x64.ActiveCfg = Release|Any CPU
		{44464B39-33EA-4398-B263-E36E2D62673A}.Release|x64.Build.0 = Release|Any CPU
		{44464B39-33EA-4398-B263-E36E2D62673A}.Release|x86.ActiveCfg = Release|Any CPU
		{44464B39-33EA-4398-B263-E36E2D62673A}.Release|x86.Build.0 = Release|Any CPU
		{19FCE85E-3F97-4270-8569-60E7E044FF56}.Debug|Any CPU.ActiveCfg = Debug|Win32
		{19FCE85E-3F97-4270-8569-60E7E044FF56}.Debug|x64.ActiveCfg = Debug|x64
		{19FCE85E-3F97-4270-8569-60E7E044FF56}.Debug|x64.Build.0 = Debug|x64
		{19FCE85E-3F97-4270-8569-60E7E044FF56}.Debug|x86.ActiveCfg = Debug|Win32
		{19FCE85E-3F97-4270-8569-60E7E044FF56}.Debug|x86.Build.0 = Debug|Win32
		{19FCE85E-3F97-4270-8569-60E7E044FF56}.Release|Any CPU.ActiveCfg = Release|Win32
		{19FCE85E-3F97-4270-8569-60E7E044FF56}.Release|x64.ActiveCfg = Release|x64
		{19FCE85E-3F97-4270-8569-60E7E044FF56}.Release|x64.Build.0 = Release|x64
		{19FCE85E-3F97-4270-8569-60E7E044FF56}.Release|x86.ActiveCfg = Release|Win32
		{19FCE85E-3F97-4270-8569-60E7E044FF56}.Release|x86.Build.0 = Release|Win32
		{8423446C-94AB-4FFE-A82F-5359A498E435}.Debug|Any CPU.ActiveCfg = Debug|Any CPU
		{8423446C-94AB-4FFE-A82F-5359A498E435}.Debug|Any CPU.Build.0 = Debug|Any CPU
		{8423446C-94AB-4FFE-A82F-5359A498E435}.Debug|x64.ActiveCfg = Debug|x64
		{8423446C-94AB-4FFE-A82F-5359A498E435}.Debug|x64.Build.0 = Debug|x64
		{8423446C-94AB-4FFE-A82F-5359A498E435}.Debug|x86.ActiveCfg = Debug|Any CPU
		{8423446C-94AB-4FFE-A82F-5359A498E435}.Debug|x86.Build.0 = Debug|Any CPU
		{8423446C-94AB-4FFE-A82F-5359A498E435}.Release|Any CPU.ActiveCfg = Release|Any CPU
		{8423446C-94AB-4FFE-A82F-5359A498E435}.Release|Any CPU.Build.0 = Release|Any CPU
		{8423446C-94AB-4FFE-A82F-5359A498E435}.Release|x64.ActiveCfg = Release|Any CPU
		{8423446C-94AB-4FFE-A82F-5359A498E435}.Release|x64.Build.0 = Release|Any CPU
		{8423446C-94AB-4FFE-A82F-5359A498E435}.Release|x86.ActiveCfg = Release|Any CPU
		{8423446C-94AB-4FFE-A82F-5359A498E435}.Release|x86.Build.0 = Release|Any CPU
	EndGlobalSection
	GlobalSection(SolutionProperties) = preSolution
		HideSolutionNode = FALSE
	EndGlobalSection
EndGlobal
